
Microsoft Visual Studio Solution File, Format Version 12.00
# Visual Studio 15
Project("{FAE04EC0-301F-11D3-BF4B-00C04F79EFBC}") = "UnityEngine.UI", "UnityEngine.UI.csproj", "{0BA7F5E3-C171-87CD-8EC4-58F550C42BCB}"
EndProject
Project("{FAE04EC0-301F-11D3-BF4B-00C04F79EFBC}") = "UnityEngine.TestRunner", "UnityEngine.TestRunner.csproj", "{407F71C8-DAB4-471F-21FE-736B6C89D3C9}"
EndProject
Project("{FAE04EC0-301F-11D3-BF4B-00C04F79EFBC}") = "Unity.Services.Core.Telemetry", "Unity.Services.Core.Telemetry.csproj", "{3B59EA6E-CE2E-68EB-968C-8D46BC402C9F}"
EndProject
Project("{FAE04EC0-301F-11D3-BF4B-00C04F79EFBC}") = "Unity.Timeline", "Unity.Timeline.csproj", "{DD3D582D-FD27-748F-9659-372A0269EA37}"
EndProject
Project("{FAE04EC0-301F-11D3-BF4B-00C04F79EFBC}") = "Unity.TextMeshPro", "Unity.TextMeshPro.csproj", "{9F915127-0406-E8F4-3C86-8ADED792DBE2}"
EndProject
Project("{FAE04EC0-301F-11D3-BF4B-00C04F79EFBC}") = "Unity.Services.Core.Environments.Internal", "Unity.Services.Core.Environments.Internal.csproj", "{B5B5D6D1-E08D-C17B-549D-5CB92FA87434}"
EndProject
Project("{FAE04EC0-301F-11D3-BF4B-00C04F79EFBC}") = "Unity.Services.Core.Internal", "Unity.Services.Core.Internal.csproj", "{BD46C95F-1AAB-5EA6-385C-B6C38B093FFD}"
EndProject
Project("{FAE04EC0-301F-11D3-BF4B-00C04F79EFBC}") = "Assembly-CSharp-firstpass", "Assembly-CSharp-firstpass.csproj", "{A42CC397-1E9A-FBB4-7EE8-1DD9EF9BA80F}"
EndProject
Project("{FAE04EC0-301F-11D3-BF4B-00C04F79EFBC}") = "Assembly-CSharp", "Assembly-CSharp.csproj", "{14A10488-EB71-C343-BF35-37520D47A25E}"
EndProject
Project("{FAE04EC0-301F-11D3-BF4B-00C04F79EFBC}") = "Unity.Services.Core.Configuration", "Unity.Services.Core.Configuration.csproj", "{0CAE860D-5A69-B290-1D18-ABC3154B4175}"
EndProject
Project("{FAE04EC0-301F-11D3-BF4B-00C04F79EFBC}") = "Unity.Services.Core", "Unity.Services.Core.csproj", "{340C029F-E1AF-8749-80EA-80DFAA530851}"
EndProject
Project("{FAE04EC0-301F-11D3-BF4B-00C04F79EFBC}") = "Unity.Services.Core.Environments", "Unity.Services.Core.Environments.csproj", "{6ADDD909-F235-40E5-E841-B9B4C7DF86EC}"
EndProject
Project("{FAE04EC0-301F-11D3-BF4B-00C04F79EFBC}") = "Unity.Services.Core.Networking", "Unity.Services.Core.Networking.csproj", "{18FD0237-7F21-E1B0-E471-07AD45053946}"
EndProject
Project("{FAE04EC0-301F-11D3-BF4B-00C04F79EFBC}") = "Unity.Services.Core.Analytics", "Unity.Services.Core.Analytics.csproj", "{CA3CC27A-2587-D616-8D9B-D85C9CA79535}"
EndProject
Project("{FAE04EC0-301F-11D3-BF4B-00C04F79EFBC}") = "Unity.Services.Core.Scheduler", "Unity.Services.Core.Scheduler.csproj", "{E5153BBE-BC8F-E323-7220-49D062A7DB11}"
EndProject
Project("{FAE04EC0-301F-11D3-BF4B-00C04F79EFBC}") = "Unity.Services.Core.Registration", "Unity.Services.Core.Registration.csproj", "{EDDB959E-881E-9C82-7176-87637375FFA4}"
EndProject
Project("{FAE04EC0-301F-11D3-BF4B-00C04F79EFBC}") = "Unity.Services.Core.Device", "Unity.Services.Core.Device.csproj", "{3022290F-E329-D7D1-D114-CDDA61503A4C}"
EndProject
Project("{FAE04EC0-301F-11D3-BF4B-00C04F79EFBC}") = "Unity.Services.Core.Threading", "Unity.Services.Core.Threading.csproj", "{67AD8263-C9C6-BD0A-91B6-D20122B808D2}"
EndProject
Project("{FAE04EC0-301F-11D3-BF4B-00C04F79EFBC}") = "UnityEditor.TestRunner", "UnityEditor.TestRunner.csproj", "{E629406C-715D-D499-A4E3-8EF8A6F2E4A7}"
EndProject
Project("{FAE04EC0-301F-11D3-BF4B-00C04F79EFBC}") = "Unity.PlasticSCM.Editor", "Unity.PlasticSCM.Editor.csproj", "{575A5A1E-4A33-DC38-3D70-D671BB024160}"
EndProject
Project("{FAE04EC0-301F-11D3-BF4B-00C04F79EFBC}") = "UnityEditor.UI", "UnityEditor.UI.csproj", "{B542EC27-C765-3D2B-74F6-BE3FD8B9E46E}"
EndProject
Project("{FAE04EC0-301F-11D3-BF4B-00C04F79EFBC}") = "Unity.Timeline.Editor", "Unity.Timeline.Editor.csproj", "{8E5D0B0C-65FC-9A8A-EA49-00FEB3D8BB63}"
EndProject
Project("{FAE04EC0-301F-11D3-BF4B-00C04F79EFBC}") = "Unity.VisualStudio.Editor", "Unity.VisualStudio.Editor.csproj", "{4743BD53-0F9B-5965-FE81-5027529009F2}"
EndProject
Project("{FAE04EC0-301F-11D3-BF4B-00C04F79EFBC}") = "Unity.TextMeshPro.Editor", "Unity.TextMeshPro.Editor.csproj", "{948A5169-F2CA-02E7-592B-CD19484832E5}"
EndProject
Project("{FAE04EC0-301F-11D3-BF4B-00C04F79EFBC}") = "Unity.CollabProxy.Editor", "Unity.CollabProxy.Editor.csproj", "{57FD7C48-0A85-4EC1-7F21-412B8D63260C}"
EndProject
Project("{FAE04EC0-301F-11D3-BF4B-00C04F79EFBC}") = "Unity.Services.Core.Editor", "Unity.Services.Core.Editor.csproj", "{08DF981D-7BDD-39AF-FF08-0FE47CECFC3B}"
EndProject
Project("{FAE04EC0-301F-11D3-BF4B-00C04F79EFBC}") = "Unity.Rider.Editor", "Unity.Rider.Editor.csproj", "{D3E9BF3B-A0A7-AC15-24CC-4B4DA3D74565}"
EndProject
Project("{FAE04EC0-301F-11D3-BF4B-00C04F79EFBC}") = "Unity.VSCode.Editor", "Unity.VSCode.Editor.csproj", "{BF0836B9-317F-29C4-A823-274896954DF2}"
EndProject
Project("{FAE04EC0-301F-11D3-BF4B-00C04F79EFBC}") = "Unity.Services.Core.Configuration.Editor", "Unity.Services.Core.Configuration.Editor.csproj", "{A80513F2-8CF1-BFE6-94DE-1A5F0257C76E}"
EndProject
Project("{FAE04EC0-301F-11D3-BF4B-00C04F79EFBC}") = "UnityEngine.UI", "UnityEngine.UI.Player.csproj", "{2AF2F7E0-1465-1373-35BA-B0AD496458BE}"
EndProject
Project("{FAE04EC0-301F-11D3-BF4B-00C04F79EFBC}") = "UnityEngine.TestRunner", "UnityEngine.TestRunner.Player.csproj", "{F22438D9-AD4B-0660-1D83-6E95E5AF33FF}"
EndProject
Project("{FAE04EC0-301F-11D3-BF4B-00C04F79EFBC}") = "Unity.Services.Core.Telemetry", "Unity.Services.Core.Telemetry.Player.csproj", "{6A81D91C-63E1-B0BC-885B-E323EA0093A8}"
EndProject
Project("{FAE04EC0-301F-11D3-BF4B-00C04F79EFBC}") = "Unity.Timeline", "Unity.Timeline.Player.csproj", "{7FD249ED-BC85-6BC2-E2DB-D071CC383228}"
EndProject
Project("{FAE04EC0-301F-11D3-BF4B-00C04F79EFBC}") = "Unity.TextMeshPro", "Unity.TextMeshPro.Player.csproj", "{A0418E82-360F-BF32-5756-A64BB8750594}"
EndProject
Project("{FAE04EC0-301F-11D3-BF4B-00C04F79EFBC}") = "Unity.Services.Core.Environments.Internal", "Unity.Services.Core.Environments.Internal.Player.csproj", "{A2CC8792-F758-FD67-13A8-9471D46AAB8A}"
EndProject
Project("{FAE04EC0-301F-11D3-BF4B-00C04F79EFBC}") = "Unity.Services.Core.Internal", "Unity.Services.Core.Internal.Player.csproj", "{0DA727E3-09D5-8FBF-E3C7-E31B49177E5D}"
EndProject
Project("{FAE04EC0-301F-11D3-BF4B-00C04F79EFBC}") = "Assembly-CSharp-firstpass", "Assembly-CSharp-firstpass.Player.csproj", "{8CB82431-B11A-DE05-9C67-BF4A9FBF4640}"
EndProject
Project("{FAE04EC0-301F-11D3-BF4B-00C04F79EFBC}") = "Assembly-CSharp", "Assembly-CSharp.Player.csproj", "{43EA909F-B807-7353-8C09-8C936A4FDC69}"
EndProject
Project("{FAE04EC0-301F-11D3-BF4B-00C04F79EFBC}") = "Unity.Services.Core.Configuration", "Unity.Services.Core.Configuration.Player.csproj", "{A23E45D3-31DF-00B6-B815-932B4E8D826A}"
EndProject
Project("{FAE04EC0-301F-11D3-BF4B-00C04F79EFBC}") = "Unity.Services.Core", "Unity.Services.Core.Player.csproj", "{6C380548-292C-6B2E-BEBB-2EF7D838DA7C}"
EndProject
Project("{FAE04EC0-301F-11D3-BF4B-00C04F79EFBC}") = "Unity.Services.Core.Environments", "Unity.Services.Core.Environments.Player.csproj", "{7C5E4849-50A3-3295-0EB9-E82690474589}"
EndProject
Project("{FAE04EC0-301F-11D3-BF4B-00C04F79EFBC}") = "Unity.Services.Core.Networking", "Unity.Services.Core.Networking.Player.csproj", "{ACC0F87E-8C2C-C81E-E6A8-9D4350049422}"
EndProject
Project("{FAE04EC0-301F-11D3-BF4B-00C04F79EFBC}") = "Unity.Services.Core.Analytics", "Unity.Services.Core.Analytics.Player.csproj", "{4C9810C9-12E0-654C-7C06-F207F14A6209}"
EndProject
Project("{FAE04EC0-301F-11D3-BF4B-00C04F79EFBC}") = "Unity.Services.Core.Scheduler", "Unity.Services.Core.Scheduler.Player.csproj", "{8E4C7D6A-B879-86DD-B0C0-2CD938EAB091}"
EndProject
Project("{FAE04EC0-301F-11D3-BF4B-00C04F79EFBC}") = "Unity.Services.Core.Registration", "Unity.Services.Core.Registration.Player.csproj", "{7D0636F0-2950-0AA2-6A20-57D4E9864219}"
EndProject
Project("{FAE04EC0-301F-11D3-BF4B-00C04F79EFBC}") = "Unity.Services.Core.Device", "Unity.Services.Core.Device.Player.csproj", "{13CDA8C7-8195-C70C-0564-3E28D8EECB69}"
EndProject
Project("{FAE04EC0-301F-11D3-BF4B-00C04F79EFBC}") = "Unity.Services.Core.Threading", "Unity.Services.Core.Threading.Player.csproj", "{42087408-A735-E0B1-512D-C4283ABF1282}"
EndProject
Global
	GlobalSection(SolutionConfigurationPlatforms) = preSolution
		Debug|Any CPU = Debug|Any CPU
		Release|Any CPU = Release|Any CPU
	EndGlobalSection
	GlobalSection(ProjectConfigurationPlatforms) = postSolution
		{0BA7F5E3-C171-87CD-8EC4-58F550C42BCB}.Debug|Any CPU.ActiveCfg = Debug|Any CPU
		{0BA7F5E3-C171-87CD-8EC4-58F550C42BCB}.Debug|Any CPU.Build.0 = Debug|Any CPU
		{0BA7F5E3-C171-87CD-8EC4-58F550C42BCB}.Release|Any CPU.ActiveCfg = Release|Any CPU
		{0BA7F5E3-C171-87CD-8EC4-58F550C42BCB}.Release|Any CPU.Build.0 = Release|Any CPU
		{407F71C8-DAB4-471F-21FE-736B6C89D3C9}.Debug|Any CPU.ActiveCfg = Debug|Any CPU
		{407F71C8-DAB4-471F-21FE-736B6C89D3C9}.Debug|Any CPU.Build.0 = Debug|Any CPU
		{407F71C8-DAB4-471F-21FE-736B6C89D3C9}.Release|Any CPU.ActiveCfg = Release|Any CPU
		{407F71C8-DAB4-471F-21FE-736B6C89D3C9}.Release|Any CPU.Build.0 = Release|Any CPU
		{3B59EA6E-CE2E-68EB-968C-8D46BC402C9F}.Debug|Any CPU.ActiveCfg = Debug|Any CPU
		{3B59EA6E-CE2E-68EB-968C-8D46BC402C9F}.Debug|Any CPU.Build.0 = Debug|Any CPU
		{3B59EA6E-CE2E-68EB-968C-8D46BC402C9F}.Release|Any CPU.ActiveCfg = Release|Any CPU
		{3B59EA6E-CE2E-68EB-968C-8D46BC402C9F}.Release|Any CPU.Build.0 = Release|Any CPU
		{DD3D582D-FD27-748F-9659-372A0269EA37}.Debug|Any CPU.ActiveCfg = Debug|Any CPU
		{DD3D582D-FD27-748F-9659-372A0269EA37}.Debug|Any CPU.Build.0 = Debug|Any CPU
		{DD3D582D-FD27-748F-9659-372A0269EA37}.Release|Any CPU.ActiveCfg = Release|Any CPU
		{DD3D582D-FD27-748F-9659-372A0269EA37}.Release|Any CPU.Build.0 = Release|Any CPU
		{9F915127-0406-E8F4-3C86-8ADED792DBE2}.Debug|Any CPU.ActiveCfg = Debug|Any CPU
		{9F915127-0406-E8F4-3C86-8ADED792DBE2}.Debug|Any CPU.Build.0 = Debug|Any CPU
		{9F915127-0406-E8F4-3C86-8ADED792DBE2}.Release|Any CPU.ActiveCfg = Release|Any CPU
		{9F915127-0406-E8F4-3C86-8ADED792DBE2}.Release|Any CPU.Build.0 = Release|Any CPU
		{B5B5D6D1-E08D-C17B-549D-5CB92FA87434}.Debug|Any CPU.ActiveCfg = Debug|Any CPU
		{B5B5D6D1-E08D-C17B-549D-5CB92FA87434}.Debug|Any CPU.Build.0 = Debug|Any CPU
		{B5B5D6D1-E08D-C17B-549D-5CB92FA87434}.Release|Any CPU.ActiveCfg = Release|Any CPU
		{B5B5D6D1-E08D-C17B-549D-5CB92FA87434}.Release|Any CPU.Build.0 = Release|Any CPU
		{BD46C95F-1AAB-5EA6-385C-B6C38B093FFD}.Debug|Any CPU.ActiveCfg = Debug|Any CPU
		{BD46C95F-1AAB-5EA6-385C-B6C38B093FFD}.Debug|Any CPU.Build.0 = Debug|Any CPU
		{BD46C95F-1AAB-5EA6-385C-B6C38B093FFD}.Release|Any CPU.ActiveCfg = Release|Any CPU
		{BD46C95F-1AAB-5EA6-385C-B6C38B093FFD}.Release|Any CPU.Build.0 = Release|Any CPU
		{A42CC397-1E9A-FBB4-7EE8-1DD9EF9BA80F}.Debug|Any CPU.ActiveCfg = Debug|Any CPU
		{A42CC397-1E9A-FBB4-7EE8-1DD9EF9BA80F}.Debug|Any CPU.Build.0 = Debug|Any CPU
		{A42CC397-1E9A-FBB4-7EE8-1DD9EF9BA80F}.Release|Any CPU.ActiveCfg = Release|Any CPU
		{A42CC397-1E9A-FBB4-7EE8-1DD9EF9BA80F}.Release|Any CPU.Build.0 = Release|Any CPU
		{14A10488-EB71-C343-BF35-37520D47A25E}.Debug|Any CPU.ActiveCfg = Debug|Any CPU
		{14A10488-EB71-C343-BF35-37520D47A25E}.Debug|Any CPU.Build.0 = Debug|Any CPU
		{14A10488-EB71-C343-BF35-37520D47A25E}.Release|Any CPU.ActiveCfg = Release|Any CPU
		{14A10488-EB71-C343-BF35-37520D47A25E}.Release|Any CPU.Build.0 = Release|Any CPU
		{0CAE860D-5A69-B290-1D18-ABC3154B4175}.Debug|Any CPU.ActiveCfg = Debug|Any CPU
		{0CAE860D-5A69-B290-1D18-ABC3154B4175}.Debug|Any CPU.Build.0 = Debug|Any CPU
		{0CAE860D-5A69-B290-1D18-ABC3154B4175}.Release|Any CPU.ActiveCfg = Release|Any CPU
		{0CAE860D-5A69-B290-1D18-ABC3154B4175}.Release|Any CPU.Build.0 = Release|Any CPU
		{340C029F-E1AF-8749-80EA-80DFAA530851}.Debug|Any CPU.ActiveCfg = Debug|Any CPU
		{340C029F-E1AF-8749-80EA-80DFAA530851}.Debug|Any CPU.Build.0 = Debug|Any CPU
		{340C029F-E1AF-8749-80EA-80DFAA530851}.Release|Any CPU.ActiveCfg = Release|Any CPU
		{340C029F-E1AF-8749-80EA-80DFAA530851}.Release|Any CPU.Build.0 = Release|Any CPU
		{6ADDD909-F235-40E5-E841-B9B4C7DF86EC}.Debug|Any CPU.ActiveCfg = Debug|Any CPU
		{6ADDD909-F235-40E5-E841-B9B4C7DF86EC}.Debug|Any CPU.Build.0 = Debug|Any CPU
		{6ADDD909-F235-40E5-E841-B9B4C7DF86EC}.Release|Any CPU.ActiveCfg = Release|Any CPU
		{6ADDD909-F235-40E5-E841-B9B4C7DF86EC}.Release|Any CPU.Build.0 = Release|Any CPU
		{18FD0237-7F21-E1B0-E471-07AD45053946}.Debug|Any CPU.ActiveCfg = Debug|Any CPU
		{18FD0237-7F21-E1B0-E471-07AD45053946}.Debug|Any CPU.Build.0 = Debug|Any CPU
		{18FD0237-7F21-E1B0-E471-07AD45053946}.Release|Any CPU.ActiveCfg = Release|Any CPU
		{18FD0237-7F21-E1B0-E471-07AD45053946}.Release|Any CPU.Build.0 = Release|Any CPU
		{CA3CC27A-2587-D616-8D9B-D85C9CA79535}.Debug|Any CPU.ActiveCfg = Debug|Any CPU
		{CA3CC27A-2587-D616-8D9B-D85C9CA79535}.Debug|Any CPU.Build.0 = Debug|Any CPU
		{CA3CC27A-2587-D616-8D9B-D85C9CA79535}.Release|Any CPU.ActiveCfg = Release|Any CPU
		{CA3CC27A-2587-D616-8D9B-D85C9CA79535}.Release|Any CPU.Build.0 = Release|Any CPU
		{E5153BBE-BC8F-E323-7220-49D062A7DB11}.Debug|Any CPU.ActiveCfg = Debug|Any CPU
		{E5153BBE-BC8F-E323-7220-49D062A7DB11}.Debug|Any CPU.Build.0 = Debug|Any CPU
		{E5153BBE-BC8F-E323-7220-49D062A7DB11}.Release|Any CPU.ActiveCfg = Release|Any CPU
		{E5153BBE-BC8F-E323-7220-49D062A7DB11}.Release|Any CPU.Build.0 = Release|Any CPU
		{EDDB959E-881E-9C82-7176-87637375FFA4}.Debug|Any CPU.ActiveCfg = Debug|Any CPU
		{EDDB959E-881E-9C82-7176-87637375FFA4}.Debug|Any CPU.Build.0 = Debug|Any CPU
		{EDDB959E-881E-9C82-7176-87637375FFA4}.Release|Any CPU.ActiveCfg = Release|Any CPU
		{EDDB959E-881E-9C82-7176-87637375FFA4}.Release|Any CPU.Build.0 = Release|Any CPU
		{3022290F-E329-D7D1-D114-CDDA61503A4C}.Debug|Any CPU.ActiveCfg = Debug|Any CPU
		{3022290F-E329-D7D1-D114-CDDA61503A4C}.Debug|Any CPU.Build.0 = Debug|Any CPU
		{3022290F-E329-D7D1-D114-CDDA61503A4C}.Release|Any CPU.ActiveCfg = Release|Any CPU
		{3022290F-E329-D7D1-D114-CDDA61503A4C}.Release|Any CPU.Build.0 = Release|Any CPU
		{67AD8263-C9C6-BD0A-91B6-D20122B808D2}.Debug|Any CPU.ActiveCfg = Debug|Any CPU
		{67AD8263-C9C6-BD0A-91B6-D20122B808D2}.Debug|Any CPU.Build.0 = Debug|Any CPU
		{67AD8263-C9C6-BD0A-91B6-D20122B808D2}.Release|Any CPU.ActiveCfg = Release|Any CPU
		{67AD8263-C9C6-BD0A-91B6-D20122B808D2}.Release|Any CPU.Build.0 = Release|Any CPU
		{E629406C-715D-D499-A4E3-8EF8A6F2E4A7}.Debug|Any CPU.ActiveCfg = Debug|Any CPU
		{E629406C-715D-D499-A4E3-8EF8A6F2E4A7}.Debug|Any CPU.Build.0 = Debug|Any CPU
		{E629406C-715D-D499-A4E3-8EF8A6F2E4A7}.Release|Any CPU.ActiveCfg = Release|Any CPU
		{E629406C-715D-D499-A4E3-8EF8A6F2E4A7}.Release|Any CPU.Build.0 = Release|Any CPU
		{575A5A1E-4A33-DC38-3D70-D671BB024160}.Debug|Any CPU.ActiveCfg = Debug|Any CPU
		{575A5A1E-4A33-DC38-3D70-D671BB024160}.Debug|Any CPU.Build.0 = Debug|Any CPU
		{575A5A1E-4A33-DC38-3D70-D671BB024160}.Release|Any CPU.ActiveCfg = Release|Any CPU
		{575A5A1E-4A33-DC38-3D70-D671BB024160}.Release|Any CPU.Build.0 = Release|Any CPU
		{B542EC27-C765-3D2B-74F6-BE3FD8B9E46E}.Debug|Any CPU.ActiveCfg = Debug|Any CPU
		{B542EC27-C765-3D2B-74F6-BE3FD8B9E46E}.Debug|Any CPU.Build.0 = Debug|Any CPU
		{B542EC27-C765-3D2B-74F6-BE3FD8B9E46E}.Release|Any CPU.ActiveCfg = Release|Any CPU
		{B542EC27-C765-3D2B-74F6-BE3FD8B9E46E}.Release|Any CPU.Build.0 = Release|Any CPU
		{8E5D0B0C-65FC-9A8A-EA49-00FEB3D8BB63}.Debug|Any CPU.ActiveCfg = Debug|Any CPU
		{8E5D0B0C-65FC-9A8A-EA49-00FEB3D8BB63}.Debug|Any CPU.Build.0 = Debug|Any CPU
		{8E5D0B0C-65FC-9A8A-EA49-00FEB3D8BB63}.Release|Any CPU.ActiveCfg = Release|Any CPU
		{8E5D0B0C-65FC-9A8A-EA49-00FEB3D8BB63}.Release|Any CPU.Build.0 = Release|Any CPU
		{4743BD53-0F9B-5965-FE81-5027529009F2}.Debug|Any CPU.ActiveCfg = Debug|Any CPU
		{4743BD53-0F9B-5965-FE81-5027529009F2}.Debug|Any CPU.Build.0 = Debug|Any CPU
		{4743BD53-0F9B-5965-FE81-5027529009F2}.Release|Any CPU.ActiveCfg = Release|Any CPU
		{4743BD53-0F9B-5965-FE81-5027529009F2}.Release|Any CPU.Build.0 = Release|Any CPU
		{948A5169-F2CA-02E7-592B-CD19484832E5}.Debug|Any CPU.ActiveCfg = Debug|Any CPU
		{948A5169-F2CA-02E7-592B-CD19484832E5}.Debug|Any CPU.Build.0 = Debug|Any CPU
		{948A5169-F2CA-02E7-592B-CD19484832E5}.Release|Any CPU.ActiveCfg = Release|Any CPU
		{948A5169-F2CA-02E7-592B-CD19484832E5}.Release|Any CPU.Build.0 = Release|Any CPU
		{57FD7C48-0A85-4EC1-7F21-412B8D63260C}.Debug|Any CPU.ActiveCfg = Debug|Any CPU
		{57FD7C48-0A85-4EC1-7F21-412B8D63260C}.Debug|Any CPU.Build.0 = Debug|Any CPU
		{57FD7C48-0A85-4EC1-7F21-412B8D63260C}.Release|Any CPU.ActiveCfg = Release|Any CPU
		{57FD7C48-0A85-4EC1-7F21-412B8D63260C}.Release|Any CPU.Build.0 = Release|Any CPU
		{08DF981D-7BDD-39AF-FF08-0FE47CECFC3B}.Debug|Any CPU.ActiveCfg = Debug|Any CPU
		{08DF981D-7BDD-39AF-FF08-0FE47CECFC3B}.Debug|Any CPU.Build.0 = Debug|Any CPU
		{08DF981D-7BDD-39AF-FF08-0FE47CECFC3B}.Release|Any CPU.ActiveCfg = Release|Any CPU
		{08DF981D-7BDD-39AF-FF08-0FE47CECFC3B}.Release|Any CPU.Build.0 = Release|Any CPU
		{D3E9BF3B-A0A7-AC15-24CC-4B4DA3D74565}.Debug|Any CPU.ActiveCfg = Debug|Any CPU
		{D3E9BF3B-A0A7-AC15-24CC-4B4DA3D74565}.Debug|Any CPU.Build.0 = Debug|Any CPU
		{D3E9BF3B-A0A7-AC15-24CC-4B4DA3D74565}.Release|Any CPU.ActiveCfg = Release|Any CPU
		{D3E9BF3B-A0A7-AC15-24CC-4B4DA3D74565}.Release|Any CPU.Build.0 = Release|Any CPU
		{BF0836B9-317F-29C4-A823-274896954DF2}.Debug|Any CPU.ActiveCfg = Debug|Any CPU
		{BF0836B9-317F-29C4-A823-274896954DF2}.Debug|Any CPU.Build.0 = Debug|Any CPU
		{BF0836B9-317F-29C4-A823-274896954DF2}.Release|Any CPU.ActiveCfg = Release|Any CPU
		{BF0836B9-317F-29C4-A823-274896954DF2}.Release|Any CPU.Build.0 = Release|Any CPU
		{A80513F2-8CF1-BFE6-94DE-1A5F0257C76E}.Debug|Any CPU.ActiveCfg = Debug|Any CPU
		{A80513F2-8CF1-BFE6-94DE-1A5F0257C76E}.Debug|Any CPU.Build.0 = Debug|Any CPU
		{A80513F2-8CF1-BFE6-94DE-1A5F0257C76E}.Release|Any CPU.ActiveCfg = Release|Any CPU
		{A80513F2-8CF1-BFE6-94DE-1A5F0257C76E}.Release|Any CPU.Build.0 = Release|Any CPU
		{2AF2F7E0-1465-1373-35BA-B0AD496458BE}.Debug|Any CPU.ActiveCfg = Debug|Any CPU
		{2AF2F7E0-1465-1373-35BA-B0AD496458BE}.Debug|Any CPU.Build.0 = Debug|Any CPU
		{2AF2F7E0-1465-1373-35BA-B0AD496458BE}.Release|Any CPU.ActiveCfg = Release|Any CPU
		{2AF2F7E0-1465-1373-35BA-B0AD496458BE}.Release|Any CPU.Build.0 = Release|Any CPU
		{F22438D9-AD4B-0660-1D83-6E95E5AF33FF}.Debug|Any CPU.ActiveCfg = Debug|Any CPU
		{F22438D9-AD4B-0660-1D83-6E95E5AF33FF}.Debug|Any CPU.Build.0 = Debug|Any CPU
		{F22438D9-AD4B-0660-1D83-6E95E5AF33FF}.Release|Any CPU.ActiveCfg = Release|Any CPU
		{F22438D9-AD4B-0660-1D83-6E95E5AF33FF}.Release|Any CPU.Build.0 = Release|Any CPU
		{6A81D91C-63E1-B0BC-885B-E323EA0093A8}.Debug|Any CPU.ActiveCfg = Debug|Any CPU
		{6A81D91C-63E1-B0BC-885B-E323EA0093A8}.Debug|Any CPU.Build.0 = Debug|Any CPU
		{6A81D91C-63E1-B0BC-885B-E323EA0093A8}.Release|Any CPU.ActiveCfg = Release|Any CPU
		{6A81D91C-63E1-B0BC-885B-E323EA0093A8}.Release|Any CPU.Build.0 = Release|Any CPU
		{7FD249ED-BC85-6BC2-E2DB-D071CC383228}.Debug|Any CPU.ActiveCfg = Debug|Any CPU
		{7FD249ED-BC85-6BC2-E2DB-D071CC383228}.Debug|Any CPU.Build.0 = Debug|Any CPU
		{7FD249ED-BC85-6BC2-E2DB-D071CC383228}.Release|Any CPU.ActiveCfg = Release|Any CPU
		{7FD249ED-BC85-6BC2-E2DB-D071CC383228}.Release|Any CPU.Build.0 = Release|Any CPU
		{A0418E82-360F-BF32-5756-A64BB8750594}.Debug|Any CPU.ActiveCfg = Debug|Any CPU
		{A0418E82-360F-BF32-5756-A64BB8750594}.Debug|Any CPU.Build.0 = Debug|Any CPU
		{A0418E82-360F-BF32-5756-A64BB8750594}.Release|Any CPU.ActiveCfg = Release|Any CPU
		{A0418E82-360F-BF32-5756-A64BB8750594}.Release|Any CPU.Build.0 = Release|Any CPU
		{A2CC8792-F758-FD67-13A8-9471D46AAB8A}.Debug|Any CPU.ActiveCfg = Debug|Any CPU
		{A2CC8792-F758-FD67-13A8-9471D46AAB8A}.Debug|Any CPU.Build.0 = Debug|Any CPU
		{A2CC8792-F758-FD67-13A8-9471D46AAB8A}.Release|Any CPU.ActiveCfg = Release|Any CPU
		{A2CC8792-F758-FD67-13A8-9471D46AAB8A}.Release|Any CPU.Build.0 = Release|Any CPU
		{0DA727E3-09D5-8FBF-E3C7-E31B49177E5D}.Debug|Any CPU.ActiveCfg = Debug|Any CPU
		{0DA727E3-09D5-8FBF-E3C7-E31B49177E5D}.Debug|Any CPU.Build.0 = Debug|Any CPU
		{0DA727E3-09D5-8FBF-E3C7-E31B49177E5D}.Release|Any CPU.ActiveCfg = Release|Any CPU
		{0DA727E3-09D5-8FBF-E3C7-E31B49177E5D}.Release|Any CPU.Build.0 = Release|Any CPU
		{8CB82431-B11A-DE05-9C67-BF4A9FBF4640}.Debug|Any CPU.ActiveCfg = Debug|Any CPU
		{8CB82431-B11A-DE05-9C67-BF4A9FBF4640}.Debug|Any CPU.Build.0 = Debug|Any CPU
		{8CB82431-B11A-DE05-9C67-BF4A9FBF4640}.Release|Any CPU.ActiveCfg = Release|Any CPU
		{8CB82431-B11A-DE05-9C67-BF4A9FBF4640}.Release|Any CPU.Build.0 = Release|Any CPU
		{43EA909F-B807-7353-8C09-8C936A4FDC69}.Debug|Any CPU.ActiveCfg = Debug|Any CPU
		{43EA909F-B807-7353-8C09-8C936A4FDC69}.Debug|Any CPU.Build.0 = Debug|Any CPU
		{43EA909F-B807-7353-8C09-8C936A4FDC69}.Release|Any CPU.ActiveCfg = Release|Any CPU
		{43EA909F-B807-7353-8C09-8C936A4FDC69}.Release|Any CPU.Build.0 = Release|Any CPU
		{A23E45D3-31DF-00B6-B815-932B4E8D826A}.Debug|Any CPU.ActiveCfg = Debug|Any CPU
		{A23E45D3-31DF-00B6-B815-932B4E8D826A}.Debug|Any CPU.Build.0 = Debug|Any CPU
		{A23E45D3-31DF-00B6-B815-932B4E8D826A}.Release|Any CPU.ActiveCfg = Release|Any CPU
		{A23E45D3-31DF-00B6-B815-932B4E8D826A}.Release|Any CPU.Build.0 = Release|Any CPU
		{6C380548-292C-6B2E-BEBB-2EF7D838DA7C}.Debug|Any CPU.ActiveCfg = Debug|Any CPU
		{6C380548-292C-6B2E-BEBB-2EF7D838DA7C}.Debug|Any CPU.Build.0 = Debug|Any CPU
		{6C380548-292C-6B2E-BEBB-2EF7D838DA7C}.Release|Any CPU.ActiveCfg = Release|Any CPU
		{6C380548-292C-6B2E-BEBB-2EF7D838DA7C}.Release|Any CPU.Build.0 = Release|Any CPU
		{7C5E4849-50A3-3295-0EB9-E82690474589}.Debug|Any CPU.ActiveCfg = Debug|Any CPU
		{7C5E4849-50A3-3295-0EB9-E82690474589}.Debug|Any CPU.Build.0 = Debug|Any CPU
		{7C5E4849-50A3-3295-0EB9-E82690474589}.Release|Any CPU.ActiveCfg = Release|Any CPU
		{7C5E4849-50A3-3295-0EB9-E82690474589}.Release|Any CPU.Build.0 = Release|Any CPU
		{ACC0F87E-8C2C-C81E-E6A8-9D4350049422}.Debug|Any CPU.ActiveCfg = Debug|Any CPU
		{ACC0F87E-8C2C-C81E-E6A8-9D4350049422}.Debug|Any CPU.Build.0 = Debug|Any CPU
		{ACC0F87E-8C2C-C81E-E6A8-9D4350049422}.Release|Any CPU.ActiveCfg = Release|Any CPU
		{ACC0F87E-8C2C-C81E-E6A8-9D4350049422}.Release|Any CPU.Build.0 = Release|Any CPU
		{4C9810C9-12E0-654C-7C06-F207F14A6209}.Debug|Any CPU.ActiveCfg = Debug|Any CPU
		{4C9810C9-12E0-654C-7C06-F207F14A6209}.Debug|Any CPU.Build.0 = Debug|Any CPU
		{4C9810C9-12E0-654C-7C06-F207F14A6209}.Release|Any CPU.ActiveCfg = Release|Any CPU
		{4C9810C9-12E0-654C-7C06-F207F14A6209}.Release|Any CPU.Build.0 = Release|Any CPU
		{8E4C7D6A-B879-86DD-B0C0-2CD938EAB091}.Debug|Any CPU.ActiveCfg = Debug|Any CPU
		{8E4C7D6A-B879-86DD-B0C0-2CD938EAB091}.Debug|Any CPU.Build.0 = Debug|Any CPU
		{8E4C7D6A-B879-86DD-B0C0-2CD938EAB091}.Release|Any CPU.ActiveCfg = Release|Any CPU
		{8E4C7D6A-B879-86DD-B0C0-2CD938EAB091}.Release|Any CPU.Build.0 = Release|Any CPU
		{7D0636F0-2950-0AA2-6A20-57D4E9864219}.Debug|Any CPU.ActiveCfg = Debug|Any CPU
		{7D0636F0-2950-0AA2-6A20-57D4E9864219}.Debug|Any CPU.Build.0 = Debug|Any CPU
		{7D0636F0-2950-0AA2-6A20-57D4E9864219}.Release|Any CPU.ActiveCfg = Release|Any CPU
		{7D0636F0-2950-0AA2-6A20-57D4E9864219}.Release|Any CPU.Build.0 = Release|Any CPU
		{13CDA8C7-8195-C70C-0564-3E28D8EECB69}.Debug|Any CPU.ActiveCfg = Debug|Any CPU
		{13CDA8C7-8195-C70C-0564-3E28D8EECB69}.Debug|Any CPU.Build.0 = Debug|Any CPU
		{13CDA8C7-8195-C70C-0564-3E28D8EECB69}.Release|Any CPU.ActiveCfg = Release|Any CPU
		{13CDA8C7-8195-C70C-0564-3E28D8EECB69}.Release|Any CPU.Build.0 = Release|Any CPU
		{42087408-A735-E0B1-512D-C4283ABF1282}.Debug|Any CPU.ActiveCfg = Debug|Any CPU
		{42087408-A735-E0B1-512D-C4283ABF1282}.Debug|Any CPU.Build.0 = Debug|Any CPU
		{42087408-A735-E0B1-512D-C4283ABF1282}.Release|Any CPU.ActiveCfg = Release|Any CPU
		{42087408-A735-E0B1-512D-C4283ABF1282}.Release|Any CPU.Build.0 = Release|Any CPU
	EndGlobalSection
	GlobalSection(SolutionProperties) = preSolution
		HideSolutionNode = FALSE
	EndGlobalSection
EndGlobal
